// !$*UTF8*$!
{
	archiveVersion = 1;
	classes = {
	};
	objectVersion = 56;
	objects = {

/* Begin PBXBuildFile section */
		3308593B2B4FD65E0044834D /* AirBnB_TutorialApp.swift in Sources */ = {isa = PBXBuildFile; fileRef = 3308593A2B4FD65E0044834D /* AirBnB_TutorialApp.swift */; };
		3308593D2B4FD65E0044834D /* ContentView.swift in Sources */ = {isa = PBXBuildFile; fileRef = 3308593C2B4FD65E0044834D /* ContentView.swift */; };
		3308593F2B4FD65F0044834D /* Assets.xcassets in Resources */ = {isa = PBXBuildFile; fileRef = 3308593E2B4FD65F0044834D /* Assets.xcassets */; };
		330859422B4FD65F0044834D /* Preview Assets.xcassets in Resources */ = {isa = PBXBuildFile; fileRef = 330859412B4FD65F0044834D /* Preview Assets.xcassets */; };
		3308594C2B4FD65F0044834D /* AirBnB_TutorialTests.swift in Sources */ = {isa = PBXBuildFile; fileRef = 3308594B2B4FD65F0044834D /* AirBnB_TutorialTests.swift */; };
		330859562B4FD65F0044834D /* AirBnB_TutorialUITests.swift in Sources */ = {isa = PBXBuildFile; fileRef = 330859552B4FD65F0044834D /* AirBnB_TutorialUITests.swift */; };
		330859582B4FD65F0044834D /* AirBnB_TutorialUITestsLaunchTests.swift in Sources */ = {isa = PBXBuildFile; fileRef = 330859572B4FD65F0044834D /* AirBnB_TutorialUITestsLaunchTests.swift */; };
		330859672B4FD71B0044834D /* ExploreView.swift in Sources */ = {isa = PBXBuildFile; fileRef = 330859662B4FD71B0044834D /* ExploreView.swift */; };
		3308596A2B4FD8AE0044834D /* ListingItemView.swift in Sources */ = {isa = PBXBuildFile; fileRef = 330859692B4FD8AE0044834D /* ListingItemView.swift */; };
		33CAB6222B4FE35200459E1F /* SearchandFilterView.swift in Sources */ = {isa = PBXBuildFile; fileRef = 33CAB6212B4FE35200459E1F /* SearchandFilterView.swift */; };
		33F5325C2B50E14200A83424 /* ListingImageCarouselComponent.swift in Sources */ = {isa = PBXBuildFile; fileRef = 33F5325B2B50E14200A83424 /* ListingImageCarouselComponent.swift */; };
		33F5325E2B50E2AD00A83424 /* ListingDetailView.swift in Sources */ = {isa = PBXBuildFile; fileRef = 33F5325D2B50E2AD00A83424 /* ListingDetailView.swift */; };
		33F532602B50E40D00A83424 /* RatingViewComponent.swift in Sources */ = {isa = PBXBuildFile; fileRef = 33F5325F2B50E40D00A83424 /* RatingViewComponent.swift */; };
		33F532622B50FA2400A83424 /* DestinationSearchView.swift in Sources */ = {isa = PBXBuildFile; fileRef = 33F532612B50FA2400A83424 /* DestinationSearchView.swift */; };
		33F532642B5129C000A83424 /* TabbarView.swift in Sources */ = {isa = PBXBuildFile; fileRef = 33F532632B5129C000A83424 /* TabbarView.swift */; };
		33F532672B512A3700A83424 /* ProfileView.swift in Sources */ = {isa = PBXBuildFile; fileRef = 33F532662B512A3700A83424 /* ProfileView.swift */; };
		33F5326A2B512A4D00A83424 /* WishlistView.swift in Sources */ = {isa = PBXBuildFile; fileRef = 33F532692B512A4D00A83424 /* WishlistView.swift */; };
/* End PBXBuildFile section */

/* Begin PBXContainerItemProxy section */
		330859482B4FD65F0044834D /* PBXContainerItemProxy */ = {
			isa = PBXContainerItemProxy;
			containerPortal = 3308592F2B4FD65E0044834D /* Project object */;
			proxyType = 1;
			remoteGlobalIDString = 330859362B4FD65E0044834D;
			remoteInfo = "AirBnB-Tutorial";
		};
		330859522B4FD65F0044834D /* PBXContainerItemProxy */ = {
			isa = PBXContainerItemProxy;
			containerPortal = 3308592F2B4FD65E0044834D /* Project object */;
			proxyType = 1;
			remoteGlobalIDString = 330859362B4FD65E0044834D;
			remoteInfo = "AirBnB-Tutorial";
		};
/* End PBXContainerItemProxy section */

/* Begin PBXFileReference section */
		330859372B4FD65E0044834D /* AirBnB-Tutorial.app */ = {isa = PBXFileReference; explicitFileType = wrapper.application; includeInIndex = 0; path = "AirBnB-Tutorial.app"; sourceTree = BUILT_PRODUCTS_DIR; };
		3308593A2B4FD65E0044834D /* AirBnB_TutorialApp.swift */ = {isa = PBXFileReference; lastKnownFileType = sourcecode.swift; path = AirBnB_TutorialApp.swift; sourceTree = "<group>"; };
		3308593C2B4FD65E0044834D /* ContentView.swift */ = {isa = PBXFileReference; lastKnownFileType = sourcecode.swift; path = ContentView.swift; sourceTree = "<group>"; };
		3308593E2B4FD65F0044834D /* Assets.xcassets */ = {isa = PBXFileReference; lastKnownFileType = folder.assetcatalog; path = Assets.xcassets; sourceTree = "<group>"; };
		330859412B4FD65F0044834D /* Preview Assets.xcassets */ = {isa = PBXFileReference; lastKnownFileType = folder.assetcatalog; path = "Preview Assets.xcassets"; sourceTree = "<group>"; };
		330859472B4FD65F0044834D /* AirBnB-TutorialTests.xctest */ = {isa = PBXFileReference; explicitFileType = wrapper.cfbundle; includeInIndex = 0; path = "AirBnB-TutorialTests.xctest"; sourceTree = BUILT_PRODUCTS_DIR; };
		3308594B2B4FD65F0044834D /* AirBnB_TutorialTests.swift */ = {isa = PBXFileReference; lastKnownFileType = sourcecode.swift; path = AirBnB_TutorialTests.swift; sourceTree = "<group>"; };
		330859512B4FD65F0044834D /* AirBnB-TutorialUITests.xctest */ = {isa = PBXFileReference; explicitFileType = wrapper.cfbundle; includeInIndex = 0; path = "AirBnB-TutorialUITests.xctest"; sourceTree = BUILT_PRODUCTS_DIR; };
		330859552B4FD65F0044834D /* AirBnB_TutorialUITests.swift */ = {isa = PBXFileReference; lastKnownFileType = sourcecode.swift; path = AirBnB_TutorialUITests.swift; sourceTree = "<group>"; };
		330859572B4FD65F0044834D /* AirBnB_TutorialUITestsLaunchTests.swift */ = {isa = PBXFileReference; lastKnownFileType = sourcecode.swift; path = AirBnB_TutorialUITestsLaunchTests.swift; sourceTree = "<group>"; };
		330859662B4FD71B0044834D /* ExploreView.swift */ = {isa = PBXFileReference; lastKnownFileType = sourcecode.swift; path = ExploreView.swift; sourceTree = "<group>"; };
		330859692B4FD8AE0044834D /* ListingItemView.swift */ = {isa = PBXFileReference; lastKnownFileType = sourcecode.swift; path = ListingItemView.swift; sourceTree = "<group>"; };
		33CAB6212B4FE35200459E1F /* SearchandFilterView.swift */ = {isa = PBXFileReference; lastKnownFileType = sourcecode.swift; path = SearchandFilterView.swift; sourceTree = "<group>"; };
		33F5325B2B50E14200A83424 /* ListingImageCarouselComponent.swift */ = {isa = PBXFileReference; lastKnownFileType = sourcecode.swift; path = ListingImageCarouselComponent.swift; sourceTree = "<group>"; };
		33F5325D2B50E2AD00A83424 /* ListingDetailView.swift */ = {isa = PBXFileReference; lastKnownFileType = sourcecode.swift; path = ListingDetailView.swift; sourceTree = "<group>"; };
		33F5325F2B50E40D00A83424 /* RatingViewComponent.swift */ = {isa = PBXFileReference; lastKnownFileType = sourcecode.swift; path = RatingViewComponent.swift; sourceTree = "<group>"; };
		33F532612B50FA2400A83424 /* DestinationSearchView.swift */ = {isa = PBXFileReference; lastKnownFileType = sourcecode.swift; path = DestinationSearchView.swift; sourceTree = "<group>"; };
		33F532632B5129C000A83424 /* TabbarView.swift */ = {isa = PBXFileReference; lastKnownFileType = sourcecode.swift; path = TabbarView.swift; sourceTree = "<group>"; };
		33F532662B512A3700A83424 /* ProfileView.swift */ = {isa = PBXFileReference; lastKnownFileType = sourcecode.swift; path = ProfileView.swift; sourceTree = "<group>"; };
		33F532692B512A4D00A83424 /* WishlistView.swift */ = {isa = PBXFileReference; lastKnownFileType = sourcecode.swift; path = WishlistView.swift; sourceTree = "<group>"; };
/* End PBXFileReference section */

/* Begin PBXFrameworksBuildPhase section */
		330859342B4FD65E0044834D /* Frameworks */ = {
			isa = PBXFrameworksBuildPhase;
			buildActionMask = 2147483647;
			files = (
			);
			runOnlyForDeploymentPostprocessing = 0;
		};
		330859442B4FD65F0044834D /* Frameworks */ = {
			isa = PBXFrameworksBuildPhase;
			buildActionMask = 2147483647;
			files = (
			);
			runOnlyForDeploymentPostprocessing = 0;
		};
		3308594E2B4FD65F0044834D /* Frameworks */ = {
			isa = PBXFrameworksBuildPhase;
			buildActionMask = 2147483647;
			files = (
			);
			runOnlyForDeploymentPostprocessing = 0;
		};
/* End PBXFrameworksBuildPhase section */

/* Begin PBXGroup section */
		3308592E2B4FD65E0044834D = {
			isa = PBXGroup;
			children = (
				330859392B4FD65E0044834D /* AirBnB-Tutorial */,
				3308594A2B4FD65F0044834D /* AirBnB-TutorialTests */,
				330859542B4FD65F0044834D /* AirBnB-TutorialUITests */,
				330859382B4FD65E0044834D /* Products */,
			);
			sourceTree = "<group>";
		};
		330859382B4FD65E0044834D /* Products */ = {
			isa = PBXGroup;
			children = (
				330859372B4FD65E0044834D /* AirBnB-Tutorial.app */,
				330859472B4FD65F0044834D /* AirBnB-TutorialTests.xctest */,
				330859512B4FD65F0044834D /* AirBnB-TutorialUITests.xctest */,
			);
			name = Products;
			sourceTree = "<group>";
		};
		330859392B4FD65E0044834D /* AirBnB-Tutorial */ = {
			isa = PBXGroup;
			children = (
				3308593C2B4FD65E0044834D /* ContentView.swift */,
				330859642B4FD6F70044834D /* Core */,
				3308593A2B4FD65E0044834D /* AirBnB_TutorialApp.swift */,
				3308593E2B4FD65F0044834D /* Assets.xcassets */,
				330859402B4FD65F0044834D /* Preview Content */,
			);
			path = "AirBnB-Tutorial";
			sourceTree = "<group>";
		};
		330859402B4FD65F0044834D /* Preview Content */ = {
			isa = PBXGroup;
			children = (
				330859412B4FD65F0044834D /* Preview Assets.xcassets */,
			);
			path = "Preview Content";
			sourceTree = "<group>";
		};
		3308594A2B4FD65F0044834D /* AirBnB-TutorialTests */ = {
			isa = PBXGroup;
			children = (
				3308594B2B4FD65F0044834D /* AirBnB_TutorialTests.swift */,
			);
			path = "AirBnB-TutorialTests";
			sourceTree = "<group>";
		};
		330859542B4FD65F0044834D /* AirBnB-TutorialUITests */ = {
			isa = PBXGroup;
			children = (
				330859552B4FD65F0044834D /* AirBnB_TutorialUITests.swift */,
				330859572B4FD65F0044834D /* AirBnB_TutorialUITestsLaunchTests.swift */,
			);
			path = "AirBnB-TutorialUITests";
			sourceTree = "<group>";
		};
		330859642B4FD6F70044834D /* Core */ = {
			isa = PBXGroup;
			children = (
				33F532682B512A4200A83424 /* WishLists */,
				33F532652B512A2E00A83424 /* Profile */,
				33F5325A2B50E0D900A83424 /* Components */,
				330859652B4FD7040044834D /* Explore */,
				330859682B4FD8A50044834D /* Listings */,
				33F532632B5129C000A83424 /* TabbarView.swift */,
			);
			path = Core;
			sourceTree = "<group>";
		};
		330859652B4FD7040044834D /* Explore */ = {
			isa = PBXGroup;
			children = (
				330859662B4FD71B0044834D /* ExploreView.swift */,
				33CAB6212B4FE35200459E1F /* SearchandFilterView.swift */,
				33F532612B50FA2400A83424 /* DestinationSearchView.swift */,
			);
			path = Explore;
			sourceTree = "<group>";
		};
		330859682B4FD8A50044834D /* Listings */ = {
			isa = PBXGroup;
			children = (
				330859692B4FD8AE0044834D /* ListingItemView.swift */,
				33F5325D2B50E2AD00A83424 /* ListingDetailView.swift */,
			);
			path = Listings;
			sourceTree = "<group>";
		};
		33F5325A2B50E0D900A83424 /* Components */ = {
			isa = PBXGroup;
			children = (
				33F5325B2B50E14200A83424 /* ListingImageCarouselComponent.swift */,
				33F5325F2B50E40D00A83424 /* RatingViewComponent.swift */,
			);
			path = Components;
			sourceTree = "<group>";
		};
		33F532652B512A2E00A83424 /* Profile */ = {
			isa = PBXGroup;
			children = (
				33F532662B512A3700A83424 /* ProfileView.swift */,
			);
			path = Profile;
			sourceTree = "<group>";
		};
		33F532682B512A4200A83424 /* WishLists */ = {
			isa = PBXGroup;
			children = (
				33F532692B512A4D00A83424 /* WishlistView.swift */,
			);
			path = WishLists;
			sourceTree = "<group>";
		};
/* End PBXGroup section */

/* Begin PBXNativeTarget section */
		330859362B4FD65E0044834D /* AirBnB-Tutorial */ = {
			isa = PBXNativeTarget;
			buildConfigurationList = 3308595B2B4FD65F0044834D /* Build configuration list for PBXNativeTarget "AirBnB-Tutorial" */;
			buildPhases = (
				330859332B4FD65E0044834D /* Sources */,
				330859342B4FD65E0044834D /* Frameworks */,
				330859352B4FD65E0044834D /* Resources */,
			);
			buildRules = (
			);
			dependencies = (
			);
			name = "AirBnB-Tutorial";
			productName = "AirBnB-Tutorial";
			productReference = 330859372B4FD65E0044834D /* AirBnB-Tutorial.app */;
			productType = "com.apple.product-type.application";
		};
		330859462B4FD65F0044834D /* AirBnB-TutorialTests */ = {
			isa = PBXNativeTarget;
			buildConfigurationList = 3308595E2B4FD65F0044834D /* Build configuration list for PBXNativeTarget "AirBnB-TutorialTests" */;
			buildPhases = (
				330859432B4FD65F0044834D /* Sources */,
				330859442B4FD65F0044834D /* Frameworks */,
				330859452B4FD65F0044834D /* Resources */,
			);
			buildRules = (
			);
			dependencies = (
				330859492B4FD65F0044834D /* PBXTargetDependency */,
			);
			name = "AirBnB-TutorialTests";
			productName = "AirBnB-TutorialTests";
			productReference = 330859472B4FD65F0044834D /* AirBnB-TutorialTests.xctest */;
			productType = "com.apple.product-type.bundle.unit-test";
		};
		330859502B4FD65F0044834D /* AirBnB-TutorialUITests */ = {
			isa = PBXNativeTarget;
			buildConfigurationList = 330859612B4FD65F0044834D /* Build configuration list for PBXNativeTarget "AirBnB-TutorialUITests" */;
			buildPhases = (
				3308594D2B4FD65F0044834D /* Sources */,
				3308594E2B4FD65F0044834D /* Frameworks */,
				3308594F2B4FD65F0044834D /* Resources */,
			);
			buildRules = (
			);
			dependencies = (
				330859532B4FD65F0044834D /* PBXTargetDependency */,
			);
			name = "AirBnB-TutorialUITests";
			productName = "AirBnB-TutorialUITests";
			productReference = 330859512B4FD65F0044834D /* AirBnB-TutorialUITests.xctest */;
			productType = "com.apple.product-type.bundle.ui-testing";
		};
/* End PBXNativeTarget section */

/* Begin PBXProject section */
		3308592F2B4FD65E0044834D /* Project object */ = {
			isa = PBXProject;
			attributes = {
				BuildIndependentTargetsInParallel = 1;
				LastSwiftUpdateCheck = 1510;
				LastUpgradeCheck = 1510;
				TargetAttributes = {
					330859362B4FD65E0044834D = {
						CreatedOnToolsVersion = 15.1;
					};
					330859462B4FD65F0044834D = {
						CreatedOnToolsVersion = 15.1;
						TestTargetID = 330859362B4FD65E0044834D;
					};
					330859502B4FD65F0044834D = {
						CreatedOnToolsVersion = 15.1;
						TestTargetID = 330859362B4FD65E0044834D;
					};
				};
			};
			buildConfigurationList = 330859322B4FD65E0044834D /* Build configuration list for PBXProject "AirBnB-Tutorial" */;
			compatibilityVersion = "Xcode 14.0";
			developmentRegion = en;
			hasScannedForEncodings = 0;
			knownRegions = (
				en,
				Base,
			);
			mainGroup = 3308592E2B4FD65E0044834D;
			productRefGroup = 330859382B4FD65E0044834D /* Products */;
			projectDirPath = "";
			projectRoot = "";
			targets = (
				330859362B4FD65E0044834D /* AirBnB-Tutorial */,
				330859462B4FD65F0044834D /* AirBnB-TutorialTests */,
				330859502B4FD65F0044834D /* AirBnB-TutorialUITests */,
			);
		};
/* End PBXProject section */

/* Begin PBXResourcesBuildPhase section */
		330859352B4FD65E0044834D /* Resources */ = {
			isa = PBXResourcesBuildPhase;
			buildActionMask = 2147483647;
			files = (
				330859422B4FD65F0044834D /* Preview Assets.xcassets in Resources */,
				3308593F2B4FD65F0044834D /* Assets.xcassets in Resources */,
			);
			runOnlyForDeploymentPostprocessing = 0;
		};
		330859452B4FD65F0044834D /* Resources */ = {
			isa = PBXResourcesBuildPhase;
			buildActionMask = 2147483647;
			files = (
			);
			runOnlyForDeploymentPostprocessing = 0;
		};
		3308594F2B4FD65F0044834D /* Resources */ = {
			isa = PBXResourcesBuildPhase;
			buildActionMask = 2147483647;
			files = (
			);
			runOnlyForDeploymentPostprocessing = 0;
		};
/* End PBXResourcesBuildPhase section */

/* Begin PBXSourcesBuildPhase section */
		330859332B4FD65E0044834D /* Sources */ = {
			isa = PBXSourcesBuildPhase;
			buildActionMask = 2147483647;
			files = (
				33F5325E2B50E2AD00A83424 /* ListingDetailView.swift in Sources */,
				33F5325C2B50E14200A83424 /* ListingImageCarouselComponent.swift in Sources */,
				3308593D2B4FD65E0044834D /* ContentView.swift in Sources */,
				3308596A2B4FD8AE0044834D /* ListingItemView.swift in Sources */,
				330859672B4FD71B0044834D /* ExploreView.swift in Sources */,
				33F532622B50FA2400A83424 /* DestinationSearchView.swift in Sources */,
				3308593B2B4FD65E0044834D /* AirBnB_TutorialApp.swift in Sources */,
				33F5326A2B512A4D00A83424 /* WishlistView.swift in Sources */,
				33CAB6222B4FE35200459E1F /* SearchandFilterView.swift in Sources */,
				33F532642B5129C000A83424 /* TabbarView.swift in Sources */,
				33F532672B512A3700A83424 /* ProfileView.swift in Sources */,
				33F532602B50E40D00A83424 /* RatingViewComponent.swift in Sources */,
			);
			runOnlyForDeploymentPostprocessing = 0;
		};
		330859432B4FD65F0044834D /* Sources */ = {
			isa = PBXSourcesBuildPhase;
			buildActionMask = 2147483647;
			files = (
				3308594C2B4FD65F0044834D /* AirBnB_TutorialTests.swift in Sources */,
			);
			runOnlyForDeploymentPostprocessing = 0;
		};
		3308594D2B4FD65F0044834D /* Sources */ = {
			isa = PBXSourcesBuildPhase;
			buildActionMask = 2147483647;
			files = (
				330859582B4FD65F0044834D /* AirBnB_TutorialUITestsLaunchTests.swift in Sources */,
				330859562B4FD65F0044834D /* AirBnB_TutorialUITests.swift in Sources */,
			);
			runOnlyForDeploymentPostprocessing = 0;
		};
/* End PBXSourcesBuildPhase section */

/* Begin PBXTargetDependency section */
		330859492B4FD65F0044834D /* PBXTargetDependency */ = {
			isa = PBXTargetDependency;
			target = 330859362B4FD65E0044834D /* AirBnB-Tutorial */;
			targetProxy = 330859482B4FD65F0044834D /* PBXContainerItemProxy */;
		};
		330859532B4FD65F0044834D /* PBXTargetDependency */ = {
			isa = PBXTargetDependency;
			target = 330859362B4FD65E0044834D /* AirBnB-Tutorial */;
			targetProxy = 330859522B4FD65F0044834D /* PBXContainerItemProxy */;
		};
/* End PBXTargetDependency section */

/* Begin XCBuildConfiguration section */
		330859592B4FD65F0044834D /* Debug */ = {
			isa = XCBuildConfiguration;
			buildSettings = {
				ALWAYS_SEARCH_USER_PATHS = NO;
				ASSETCATALOG_COMPILER_GENERATE_SWIFT_ASSET_SYMBOL_EXTENSIONS = YES;
				CLANG_ANALYZER_NONNULL = YES;
				CLANG_ANALYZER_NUMBER_OBJECT_CONVERSION = YES_AGGRESSIVE;
				CLANG_CXX_LANGUAGE_STANDARD = "gnu++20";
				CLANG_ENABLE_MODULES = YES;
				CLANG_ENABLE_OBJC_ARC = YES;
				CLANG_ENABLE_OBJC_WEAK = YES;
				CLANG_WARN_BLOCK_CAPTURE_AUTORELEASING = YES;
				CLANG_WARN_BOOL_CONVERSION = YES;
				CLANG_WARN_COMMA = YES;
				CLANG_WARN_CONSTANT_CONVERSION = YES;
				CLANG_WARN_DEPRECATED_OBJC_IMPLEMENTATIONS = YES;
				CLANG_WARN_DIRECT_OBJC_ISA_USAGE = YES_ERROR;
				CLANG_WARN_DOCUMENTATION_COMMENTS = YES;
				CLANG_WARN_EMPTY_BODY = YES;
				CLANG_WARN_ENUM_CONVERSION = YES;
				CLANG_WARN_INFINITE_RECURSION = YES;
				CLANG_WARN_INT_CONVERSION = YES;
				CLANG_WARN_NON_LITERAL_NULL_CONVERSION = YES;
				CLANG_WARN_OBJC_IMPLICIT_RETAIN_SELF = YES;
				CLANG_WARN_OBJC_LITERAL_CONVERSION = YES;
				CLANG_WARN_OBJC_ROOT_CLASS = YES_ERROR;
				CLANG_WARN_QUOTED_INCLUDE_IN_FRAMEWORK_HEADER = YES;
				CLANG_WARN_RANGE_LOOP_ANALYSIS = YES;
				CLANG_WARN_STRICT_PROTOTYPES = YES;
				CLANG_WARN_SUSPICIOUS_MOVE = YES;
				CLANG_WARN_UNGUARDED_AVAILABILITY = YES_AGGRESSIVE;
				CLANG_WARN_UNREACHABLE_CODE = YES;
				CLANG_WARN__DUPLICATE_METHOD_MATCH = YES;
				COPY_PHASE_STRIP = NO;
				DEBUG_INFORMATION_FORMAT = dwarf;
				ENABLE_STRICT_OBJC_MSGSEND = YES;
				ENABLE_TESTABILITY = YES;
				ENABLE_USER_SCRIPT_SANDBOXING = YES;
				GCC_C_LANGUAGE_STANDARD = gnu17;
				GCC_DYNAMIC_NO_PIC = NO;
				GCC_NO_COMMON_BLOCKS = YES;
				GCC_OPTIMIZATION_LEVEL = 0;
				GCC_PREPROCESSOR_DEFINITIONS = (
					"DEBUG=1",
					"$(inherited)",
				);
				GCC_WARN_64_TO_32_BIT_CONVERSION = YES;
				GCC_WARN_ABOUT_RETURN_TYPE = YES_ERROR;
				GCC_WARN_UNDECLARED_SELECTOR = YES;
				GCC_WARN_UNINITIALIZED_AUTOS = YES_AGGRESSIVE;
				GCC_WARN_UNUSED_FUNCTION = YES;
				GCC_WARN_UNUSED_VARIABLE = YES;
				IPHONEOS_DEPLOYMENT_TARGET = 17.2;
				LOCALIZATION_PREFERS_STRING_CATALOGS = YES;
				MTL_ENABLE_DEBUG_INFO = INCLUDE_SOURCE;
				MTL_FAST_MATH = YES;
				ONLY_ACTIVE_ARCH = YES;
				SDKROOT = iphoneos;
				SWIFT_ACTIVE_COMPILATION_CONDITIONS = "DEBUG $(inherited)";
				SWIFT_OPTIMIZATION_LEVEL = "-Onone";
			};
			name = Debug;
		};
		3308595A2B4FD65F0044834D /* Release */ = {
			isa = XCBuildConfiguration;
			buildSettings = {
				ALWAYS_SEARCH_USER_PATHS = NO;
				ASSETCATALOG_COMPILER_GENERATE_SWIFT_ASSET_SYMBOL_EXTENSIONS = YES;
				CLANG_ANALYZER_NONNULL = YES;
				CLANG_ANALYZER_NUMBER_OBJECT_CONVERSION = YES_AGGRESSIVE;
				CLANG_CXX_LANGUAGE_STANDARD = "gnu++20";
				CLANG_ENABLE_MODULES = YES;
				CLANG_ENABLE_OBJC_ARC = YES;
				CLANG_ENABLE_OBJC_WEAK = YES;
				CLANG_WARN_BLOCK_CAPTURE_AUTORELEASING = YES;
				CLANG_WARN_BOOL_CONVERSION = YES;
				CLANG_WARN_COMMA = YES;
				CLANG_WARN_CONSTANT_CONVERSION = YES;
				CLANG_WARN_DEPRECATED_OBJC_IMPLEMENTATIONS = YES;
				CLANG_WARN_DIRECT_OBJC_ISA_USAGE = YES_ERROR;
				CLANG_WARN_DOCUMENTATION_COMMENTS = YES;
				CLANG_WARN_EMPTY_BODY = YES;
				CLANG_WARN_ENUM_CONVERSION = YES;
				CLANG_WARN_INFINITE_RECURSION = YES;
				CLANG_WARN_INT_CONVERSION = YES;
				CLANG_WARN_NON_LITERAL_NULL_CONVERSION = YES;
				CLANG_WARN_OBJC_IMPLICIT_RETAIN_SELF = YES;
				CLANG_WARN_OBJC_LITERAL_CONVERSION = YES;
				CLANG_WARN_OBJC_ROOT_CLASS = YES_ERROR;
				CLANG_WARN_QUOTED_INCLUDE_IN_FRAMEWORK_HEADER = YES;
				CLANG_WARN_RANGE_LOOP_ANALYSIS = YES;
				CLANG_WARN_STRICT_PROTOTYPES = YES;
				CLANG_WARN_SUSPICIOUS_MOVE = YES;
				CLANG_WARN_UNGUARDED_AVAILABILITY = YES_AGGRESSIVE;
				CLANG_WARN_UNREACHABLE_CODE = YES;
				CLANG_WARN__DUPLICATE_METHOD_MATCH = YES;
				COPY_PHASE_STRIP = NO;
				DEBUG_INFORMATION_FORMAT = "dwarf-with-dsym";
				ENABLE_NS_ASSERTIONS = NO;
				ENABLE_STRICT_OBJC_MSGSEND = YES;
				ENABLE_USER_SCRIPT_SANDBOXING = YES;
				GCC_C_LANGUAGE_STANDARD = gnu17;
				GCC_NO_COMMON_BLOCKS = YES;
				GCC_WARN_64_TO_32_BIT_CONVERSION = YES;
				GCC_WARN_ABOUT_RETURN_TYPE = YES_ERROR;
				GCC_WARN_UNDECLARED_SELECTOR = YES;
				GCC_WARN_UNINITIALIZED_AUTOS = YES_AGGRESSIVE;
				GCC_WARN_UNUSED_FUNCTION = YES;
				GCC_WARN_UNUSED_VARIABLE = YES;
				IPHONEOS_DEPLOYMENT_TARGET = 17.2;
				LOCALIZATION_PREFERS_STRING_CATALOGS = YES;
				MTL_ENABLE_DEBUG_INFO = NO;
				MTL_FAST_MATH = YES;
				SDKROOT = iphoneos;
				SWIFT_COMPILATION_MODE = wholemodule;
				VALIDATE_PRODUCT = YES;
			};
			name = Release;
		};
		3308595C2B4FD65F0044834D /* Debug */ = {
			isa = XCBuildConfiguration;
			buildSettings = {
				ASSETCATALOG_COMPILER_APPICON_NAME = AppIcon;
				ASSETCATALOG_COMPILER_GLOBAL_ACCENT_COLOR_NAME = AccentColor;
				CODE_SIGN_STYLE = Automatic;
				CURRENT_PROJECT_VERSION = 1;
				DEVELOPMENT_ASSET_PATHS = "\"AirBnB-Tutorial/Preview Content\"";
				DEVELOPMENT_TEAM = WU69N4C677;
				ENABLE_PREVIEWS = YES;
				GENERATE_INFOPLIST_FILE = YES;
				INFOPLIST_KEY_UIApplicationSceneManifest_Generation = YES;
				INFOPLIST_KEY_UIApplicationSupportsIndirectInputEvents = YES;
				INFOPLIST_KEY_UILaunchScreen_Generation = YES;
				INFOPLIST_KEY_UISupportedInterfaceOrientations_iPad = "UIInterfaceOrientationPortrait UIInterfaceOrientationPortraitUpsideDown UIInterfaceOrientationLandscapeLeft UIInterfaceOrientationLandscapeRight";
				INFOPLIST_KEY_UISupportedInterfaceOrientations_iPhone = "UIInterfaceOrientationPortrait UIInterfaceOrientationLandscapeLeft UIInterfaceOrientationLandscapeRight";
				LD_RUNPATH_SEARCH_PATHS = (
					"$(inherited)",
					"@executable_path/Frameworks",
				);
				MARKETING_VERSION = 1.0;
				PRODUCT_BUNDLE_IDENTIFIER = "com.webandapp.AirBnB-Tutorial";
				PRODUCT_NAME = "$(TARGET_NAME)";
				SWIFT_EMIT_LOC_STRINGS = YES;
				SWIFT_VERSION = 5.0;
				TARGETED_DEVICE_FAMILY = "1,2";
			};
			name = Debug;
		};
		3308595D2B4FD65F0044834D /* Release */ = {
			isa = XCBuildConfiguration;
			buildSettings = {
				ASSETCATALOG_COMPILER_APPICON_NAME = AppIcon;
				ASSETCATALOG_COMPILER_GLOBAL_ACCENT_COLOR_NAME = AccentColor;
				CODE_SIGN_STYLE = Automatic;
				CURRENT_PROJECT_VERSION = 1;
				DEVELOPMENT_ASSET_PATHS = "\"AirBnB-Tutorial/Preview Content\"";
				DEVELOPMENT_TEAM = WU69N4C677;
				ENABLE_PREVIEWS = YES;
				GENERATE_INFOPLIST_FILE = YES;
				INFOPLIST_KEY_UIApplicationSceneManifest_Generation = YES;
				INFOPLIST_KEY_UIApplicationSupportsIndirectInputEvents = YES;
				INFOPLIST_KEY_UILaunchScreen_Generation = YES;
				INFOPLIST_KEY_UISupportedInterfaceOrientations_iPad = "UIInterfaceOrientationPortrait UIInterfaceOrientationPortraitUpsideDown UIInterfaceOrientationLandscapeLeft UIInterfaceOrientationLandscapeRight";
				INFOPLIST_KEY_UISupportedInterfaceOrientations_iPhone = "UIInterfaceOrientationPortrait UIInterfaceOrientationLandscapeLeft UIInterfaceOrientationLandscapeRight";
				LD_RUNPATH_SEARCH_PATHS = (
					"$(inherited)",
					"@executable_path/Frameworks",
				);
				MARKETING_VERSION = 1.0;
				PRODUCT_BUNDLE_IDENTIFIER = "com.webandapp.AirBnB-Tutorial";
				PRODUCT_NAME = "$(TARGET_NAME)";
				SWIFT_EMIT_LOC_STRINGS = YES;
				SWIFT_VERSION = 5.0;
				TARGETED_DEVICE_FAMILY = "1,2";
			};
			name = Release;
		};
		3308595F2B4FD65F0044834D /* Debug */ = {
			isa = XCBuildConfiguration;
			buildSettings = {
				ALWAYS_EMBED_SWIFT_STANDARD_LIBRARIES = YES;
				BUNDLE_LOADER = "$(TEST_HOST)";
				CODE_SIGN_STYLE = Automatic;
				CURRENT_PROJECT_VERSION = 1;
				DEVELOPMENT_TEAM = WU69N4C677;
				GENERATE_INFOPLIST_FILE = YES;
				IPHONEOS_DEPLOYMENT_TARGET = 17.2;
				MARKETING_VERSION = 1.0;
				PRODUCT_BUNDLE_IDENTIFIER = "com.webandapp.AirBnB-TutorialTests";
				PRODUCT_NAME = "$(TARGET_NAME)";
				SWIFT_EMIT_LOC_STRINGS = NO;
				SWIFT_VERSION = 5.0;
				TARGETED_DEVICE_FAMILY = "1,2";
				TEST_HOST = "$(BUILT_PRODUCTS_DIR)/AirBnB-Tutorial.app/$(BUNDLE_EXECUTABLE_FOLDER_PATH)/AirBnB-Tutorial";
			};
			name = Debug;
		};
		330859602B4FD65F0044834D /* Release */ = {
			isa = XCBuildConfiguration;
			buildSettings = {
				ALWAYS_EMBED_SWIFT_STANDARD_LIBRARIES = YES;
				BUNDLE_LOADER = "$(TEST_HOST)";
				CODE_SIGN_STYLE = Automatic;
				CURRENT_PROJECT_VERSION = 1;
				DEVELOPMENT_TEAM = WU69N4C677;
				GENERATE_INFOPLIST_FILE = YES;
				IPHONEOS_DEPLOYMENT_TARGET = 17.2;
				MARKETING_VERSION = 1.0;
				PRODUCT_BUNDLE_IDENTIFIER = "com.webandapp.AirBnB-TutorialTests";
				PRODUCT_NAME = "$(TARGET_NAME)";
				SWIFT_EMIT_LOC_STRINGS = NO;
				SWIFT_VERSION = 5.0;
				TARGETED_DEVICE_FAMILY = "1,2";
				TEST_HOST = "$(BUILT_PRODUCTS_DIR)/AirBnB-Tutorial.app/$(BUNDLE_EXECUTABLE_FOLDER_PATH)/AirBnB-Tutorial";
			};
			name = Release;
		};
		330859622B4FD65F0044834D /* Debug */ = {
			isa = XCBuildConfiguration;
			buildSettings = {
				ALWAYS_EMBED_SWIFT_STANDARD_LIBRARIES = YES;
				CODE_SIGN_STYLE = Automatic;
				CURRENT_PROJECT_VERSION = 1;
				DEVELOPMENT_TEAM = WU69N4C677;
				GENERATE_INFOPLIST_FILE = YES;
				MARKETING_VERSION = 1.0;
				PRODUCT_BUNDLE_IDENTIFIER = "com.webandapp.AirBnB-TutorialUITests";
				PRODUCT_NAME = "$(TARGET_NAME)";
				SWIFT_EMIT_LOC_STRINGS = NO;
				SWIFT_VERSION = 5.0;
				TARGETED_DEVICE_FAMILY = "1,2";
				TEST_TARGET_NAME = "AirBnB-Tutorial";
			};
			name = Debug;
		};
		330859632B4FD65F0044834D /* Release */ = {
			isa = XCBuildConfiguration;
			buildSettings = {
				ALWAYS_EMBED_SWIFT_STANDARD_LIBRARIES = YES;
				CODE_SIGN_STYLE = Automatic;
				CURRENT_PROJECT_VERSION = 1;
				DEVELOPMENT_TEAM = WU69N4C677;
				GENERATE_INFOPLIST_FILE = YES;
				MARKETING_VERSION = 1.0;
				PRODUCT_BUNDLE_IDENTIFIER = "com.webandapp.AirBnB-TutorialUITests";
				PRODUCT_NAME = "$(TARGET_NAME)";
				SWIFT_EMIT_LOC_STRINGS = NO;
				SWIFT_VERSION = 5.0;
				TARGETED_DEVICE_FAMILY = "1,2";
				TEST_TARGET_NAME = "AirBnB-Tutorial";
			};
			name = Release;
		};
/* End XCBuildConfiguration section */

/* Begin XCConfigurationList section */
		330859322B4FD65E0044834D /* Build configuration list for PBXProject "AirBnB-Tutorial" */ = {
			isa = XCConfigurationList;
			buildConfigurations = (
				330859592B4FD65F0044834D /* Debug */,
				3308595A2B4FD65F0044834D /* Release */,
			);
			defaultConfigurationIsVisible = 0;
			defaultConfigurationName = Release;
		};
		3308595B2B4FD65F0044834D /* Build configuration list for PBXNativeTarget "AirBnB-Tutorial" */ = {
			isa = XCConfigurationList;
			buildConfigurations = (
				3308595C2B4FD65F0044834D /* Debug */,
				3308595D2B4FD65F0044834D /* Release */,
			);
			defaultConfigurationIsVisible = 0;
			defaultConfigurationName = Release;
		};
		3308595E2B4FD65F0044834D /* Build configuration list for PBXNativeTarget "AirBnB-TutorialTests" */ = {
			isa = XCConfigurationList;
			buildConfigurations = (
				3308595F2B4FD65F0044834D /* Debug */,
				330859602B4FD65F0044834D /* Release */,
			);
			defaultConfigurationIsVisible = 0;
			defaultConfigurationName = Release;
		};
		330859612B4FD65F0044834D /* Build configuration list for PBXNativeTarget "AirBnB-TutorialUITests" */ = {
			isa = XCConfigurationList;
			buildConfigurations = (
				330859622B4FD65F0044834D /* Debug */,
				330859632B4FD65F0044834D /* Release */,
			);
			defaultConfigurationIsVisible = 0;
			defaultConfigurationName = Release;
		};
/* End XCConfigurationList section */
	};
	rootObject = 3308592F2B4FD65E0044834D /* Project object */;
}
